
Microsoft Visual Studio Solution File, Format Version 12.00
# Visual Studio Version 17
VisualStudioVersion = 17.0.32112.339
MinimumVisualStudioVersion = 10.0.40219.1
Project("{9A19103F-16F7-4668-BE54-9A1E7A4F7556}") = "AppSpecFlow", "App-SpecFlow\AppSpecFlow.csproj", "{04F2F598-A846-4081-A7FB-E88CB2991774}"
EndProject
Project("{FAE04EC0-301F-11D3-BF4B-00C04F79EFBC}") = "AppTargets", "App-Targets\AppTargets.csproj", "{785AF316-0D9B-493F-A74F-2C4625EB35FD}"
EndProject
Project("{FAE04EC0-301F-11D3-BF4B-00C04F79EFBC}") = "Core", "Core\Core.csproj", "{E0F49FE8-3258-45E8-AF86-74F5D1F91562}"
EndProject
Project("{FAE04EC0-301F-11D3-BF4B-00C04F79EFBC}") = "Generic", "Generic\Generic.csproj", "{1D7BF797-9542-4FAA-914F-9140EF25F0D3}"
EndProject
Global
	GlobalSection(SolutionConfigurationPlatforms) = preSolution
		Debug|Any CPU = Debug|Any CPU
		Release|Any CPU = Release|Any CPU
	EndGlobalSection
	GlobalSection(ProjectConfigurationPlatforms) = postSolution
		{04F2F598-A846-4081-A7FB-E88CB2991774}.Debug|Any CPU.ActiveCfg = Debug|Any CPU
		{04F2F598-A846-4081-A7FB-E88CB2991774}.Debug|Any CPU.Build.0 = Debug|Any CPU
		{04F2F598-A846-4081-A7FB-E88CB2991774}.Release|Any CPU.ActiveCfg = Release|Any CPU
		{04F2F598-A846-4081-A7FB-E88CB2991774}.Release|Any CPU.Build.0 = Release|Any CPU
		{785AF316-0D9B-493F-A74F-2C4625EB35FD}.Debug|Any CPU.ActiveCfg = Debug|Any CPU
		{785AF316-0D9B-493F-A74F-2C4625EB35FD}.Debug|Any CPU.Build.0 = Debug|Any CPU
		{785AF316-0D9B-493F-A74F-2C4625EB35FD}.Release|Any CPU.ActiveCfg = Release|Any CPU
		{785AF316-0D9B-493F-A74F-2C4625EB35FD}.Release|Any CPU.Build.0 = Release|Any CPU
		{E0F49FE8-3258-45E8-AF86-74F5D1F91562}.Debug|Any CPU.ActiveCfg = Debug|Any CPU
		{E0F49FE8-3258-45E8-AF86-74F5D1F91562}.Debug|Any CPU.Build.0 = Debug|Any CPU
		{E0F49FE8-3258-45E8-AF86-74F5D1F91562}.Release|Any CPU.ActiveCfg = Release|Any CPU
		{E0F49FE8-3258-45E8-AF86-74F5D1F91562}.Release|Any CPU.Build.0 = Release|Any CPU
		{1D7BF797-9542-4FAA-914F-9140EF25F0D3}.Debug|Any CPU.ActiveCfg = Debug|Any CPU
		{1D7BF797-9542-4FAA-914F-9140EF25F0D3}.Debug|Any CPU.Build.0 = Debug|Any CPU
		{1D7BF797-9542-4FAA-914F-9140EF25F0D3}.Release|Any CPU.ActiveCfg = Release|Any CPU
		{1D7BF797-9542-4FAA-914F-9140EF25F0D3}.Release|Any CPU.Build.0 = Release|Any CPU
	EndGlobalSection
	GlobalSection(SolutionProperties) = preSolution
		HideSolutionNode = FALSE
	EndGlobalSection
	GlobalSection(ExtensibilityGlobals) = postSolution
		SolutionGuid = {903F80DF-8D1A-43FE-9820-9230AA9D2AC4}
	EndGlobalSection
EndGlobal
